
Microsoft Visual Studio Solution File, Format Version 12.00
# Visual Studio Version 16
VisualStudioVersion = 16.0.31112.23
MinimumVisualStudioVersion = 10.0.40219.1
Project("{FAE04EC0-301F-11D3-BF4B-00C04F79EFBC}") = "rDocumentos", "rDocumentos.csproj", "{CF3C7A31-86A7-4FA7-9972-33AAE84E4B5E}"
EndProject
Global
	GlobalSection(SolutionConfigurationPlatforms) = preSolution
		Debug|Any CPU = Debug|Any CPU
		Release|Any CPU = Release|Any CPU
	EndGlobalSection
	GlobalSection(ProjectConfigurationPlatforms) = postSolution
		{CF3C7A31-86A7-4FA7-9972-33AAE84E4B5E}.Debug|Any CPU.ActiveCfg = Debug|Any CPU
		{CF3C7A31-86A7-4FA7-9972-33AAE84E4B5E}.Debug|Any CPU.Build.0 = Debug|Any CPU
		{CF3C7A31-86A7-4FA7-9972-33AAE84E4B5E}.Release|Any CPU.ActiveCfg = Release|Any CPU
		{CF3C7A31-86A7-4FA7-9972-33AAE84E4B5E}.Release|Any CPU.Build.0 = Release|Any CPU
	EndGlobalSection
	GlobalSection(SolutionProperties) = preSolution
		HideSolutionNode = FALSE
	EndGlobalSection
	GlobalSection(ExtensibilityGlobals) = postSolution
		SolutionGuid = {7332BBCA-91D1-42F0-B686-AE6E1E105F8D}
	EndGlobalSection
EndGlobal
